
Microsoft Visual Studio Solution File, Format Version 12.00
# Visual Studio Version 17
VisualStudioVersion = 17.3.32922.545
MinimumVisualStudioVersion = 10.0.40219.1
Project("{9A19103F-16F7-4668-BE54-9A1E7A4F7556}") = "ShopM4", "ShopM4\ShopM4.csproj", "{2479D877-1EC3-44F2-8D63-BE2981C70FC9}"
EndProject
Project("{9A19103F-16F7-4668-BE54-9A1E7A4F7556}") = "ShopM4_Utility", "ShopM4_Utility\ShopM4_Utility.csproj", "{C0CF0AA4-E1C3-4F0E-BDE0-D573F80A4392}"
EndProject
Project("{9A19103F-16F7-4668-BE54-9A1E7A4F7556}") = "ShopM4_Models", "ShopM4_Models\ShopM4_Models.csproj", "{22616D9C-AD1C-4A1A-BD79-57194C0ACCB0}"
EndProject
Project("{9A19103F-16F7-4668-BE54-9A1E7A4F7556}") = "ShopM4_DataMigrations", "ShopM4_DataMigrations\ShopM4_DataMigrations.csproj", "{06314A2A-1115-459D-BE08-9783F8997285}"
EndProject
Global
	GlobalSection(SolutionConfigurationPlatforms) = preSolution
		Debug|Any CPU = Debug|Any CPU
		Release|Any CPU = Release|Any CPU
	EndGlobalSection
	GlobalSection(ProjectConfigurationPlatforms) = postSolution
		{2479D877-1EC3-44F2-8D63-BE2981C70FC9}.Debug|Any CPU.ActiveCfg = Debug|Any CPU
		{2479D877-1EC3-44F2-8D63-BE2981C70FC9}.Debug|Any CPU.Build.0 = Debug|Any CPU
		{2479D877-1EC3-44F2-8D63-BE2981C70FC9}.Release|Any CPU.ActiveCfg = Release|Any CPU
		{2479D877-1EC3-44F2-8D63-BE2981C70FC9}.Release|Any CPU.Build.0 = Release|Any CPU
		{C0CF0AA4-E1C3-4F0E-BDE0-D573F80A4392}.Debug|Any CPU.ActiveCfg = Debug|Any CPU
		{C0CF0AA4-E1C3-4F0E-BDE0-D573F80A4392}.Debug|Any CPU.Build.0 = Debug|Any CPU
		{C0CF0AA4-E1C3-4F0E-BDE0-D573F80A4392}.Release|Any CPU.ActiveCfg = Release|Any CPU
		{C0CF0AA4-E1C3-4F0E-BDE0-D573F80A4392}.Release|Any CPU.Build.0 = Release|Any CPU
		{22616D9C-AD1C-4A1A-BD79-57194C0ACCB0}.Debug|Any CPU.ActiveCfg = Debug|Any CPU
		{22616D9C-AD1C-4A1A-BD79-57194C0ACCB0}.Debug|Any CPU.Build.0 = Debug|Any CPU
		{22616D9C-AD1C-4A1A-BD79-57194C0ACCB0}.Release|Any CPU.ActiveCfg = Release|Any CPU
		{22616D9C-AD1C-4A1A-BD79-57194C0ACCB0}.Release|Any CPU.Build.0 = Release|Any CPU
		{06314A2A-1115-459D-BE08-9783F8997285}.Debug|Any CPU.ActiveCfg = Debug|Any CPU
		{06314A2A-1115-459D-BE08-9783F8997285}.Debug|Any CPU.Build.0 = Debug|Any CPU
		{06314A2A-1115-459D-BE08-9783F8997285}.Release|Any CPU.ActiveCfg = Release|Any CPU
		{06314A2A-1115-459D-BE08-9783F8997285}.Release|Any CPU.Build.0 = Release|Any CPU
	EndGlobalSection
	GlobalSection(SolutionProperties) = preSolution
		HideSolutionNode = FALSE
	EndGlobalSection
	GlobalSection(ExtensibilityGlobals) = postSolution
		SolutionGuid = {F840C192-0849-4A17-8D0A-EAC62172BCB5}
	EndGlobalSection
EndGlobal
